{
    "_readme": [
        "This file locks the dependencies of your project to a known state",
        "Read more about it at https://getcomposer.org/doc/01-basic-usage.md#composer-lock-the-lock-file",
        "This file is @generated automatically"
    ],
    "content-hash": "d31cd039c8db6a58719428ecc2b457ee",
    "packages": [
        {
            "name": "clue/stream-filter",
            "version": "v1.4.0",
            "source": {
                "type": "git",
                "url": "https://github.com/clue/php-stream-filter.git",
                "reference": "d80fdee9b3a7e0d16fc330a22f41f3ad0eeb09d0"
            },
            "dist": {
                "type": "zip",
                "url": "https://api.github.com/repos/clue/php-stream-filter/zipball/d80fdee9b3a7e0d16fc330a22f41f3ad0eeb09d0",
                "reference": "d80fdee9b3a7e0d16fc330a22f41f3ad0eeb09d0",
                "shasum": ""
            },
            "require": {
                "php": ">=5.3"
            },
            "require-dev": {
                "phpunit/phpunit": "^5.0 || ^4.8"
            },
            "type": "library",
            "autoload": {
                "psr-4": {
                    "Clue\\StreamFilter\\": "src/"
                },
                "files": [
                    "src/functions.php"
                ]
            },
            "notification-url": "https://packagist.org/downloads/",
            "license": [
                "MIT"
            ],
            "authors": [
                {
                    "name": "Christian Lück",
                    "email": "christian@lueck.tv"
                }
            ],
            "description": "A simple and modern approach to stream filtering in PHP",
            "homepage": "https://github.com/clue/php-stream-filter",
            "keywords": [
                "bucket brigade",
                "callback",
                "filter",
                "php_user_filter",
                "stream",
                "stream_filter_append",
                "stream_filter_register"
            ],
            "time": "2017-08-18T09:54:01+00:00"
        },
        {
            "name": "conn/config",
            "version": "1.4.02",
            "source": {
                "type": "git",
                "url": "https://github.com/edineibauer/config.git",
                "reference": "38b12240a1803be45800ac6fd8acbf1a03768597"
            },
            "dist": {
                "type": "zip",
                "url": "https://api.github.com/repos/edineibauer/config/zipball/38b12240a1803be45800ac6fd8acbf1a03768597",
                "reference": "38b12240a1803be45800ac6fd8acbf1a03768597",
                "shasum": ""
            },
            "require": {
                "conn/entity": "1.9.*",
                "conn/link-control": "1.5.*",
                "php": "^7.2"
            },
            "type": "library",
            "notification-url": "https://packagist.org/downloads/",
            "license": [
                "MIT"
            ],
            "authors": [
                {
                    "name": "Edinei J. Bauer",
                    "email": "edineibauer@gmail.com"
                }
            ],
            "description": "Configurações base para novo projeto",
            "time": "2018-09-26T21:21:42+00:00"
        },
        {
            "name": "conn/conn-crud",
            "version": "1.3.00",
            "source": {
                "type": "git",
                "url": "https://github.com/edineibauer/conn-crud.git",
                "reference": "cecd8e543f338834bec3771f4fef54f2933c88d3"
            },
            "dist": {
                "type": "zip",
                "url": "https://api.github.com/repos/edineibauer/conn-crud/zipball/cecd8e543f338834bec3771f4fef54f2933c88d3",
                "reference": "cecd8e543f338834bec3771f4fef54f2933c88d3",
                "shasum": ""
            },
            "require": {
                "php": "^7.2"
            },
            "type": "library",
            "autoload": {
                "psr-0": {
                    "ConnCrud": "src/"
                }
            },
            "notification-url": "https://packagist.org/downloads/",
            "license": [
                "MIT"
            ],
            "authors": [
                {
                    "name": "Edinei J. Bauer",
                    "email": "edineibauer@gmail.com"
                }
            ],
            "description": "Conexão ao banco de  dados Mysql para operações CRUD",
            "time": "2018-09-26T18:31:31+00:00"
        },
        {
            "name": "conn/dashboard",
            "version": "2.0.03",
            "source": {
                "type": "git",
                "url": "https://github.com/edineibauer/dashboard.git",
                "reference": "eef329812e2a89a3c763184e3c1b7639ad69df0b"
            },
            "dist": {
                "type": "zip",
                "url": "https://api.github.com/repos/edineibauer/dashboard/zipball/eef329812e2a89a3c763184e3c1b7639ad69df0b",
                "reference": "eef329812e2a89a3c763184e3c1b7639ad69df0b",
                "shasum": ""
            },
            "require": {
                "conn/session-control": "1.6.*",
                "conn/table": "1.3.*",
                "php": "^7.2",
                "smottt/wideimage": "^1.1"
            },
            "type": "library",
            "autoload": {
                "psr-0": {
                    "Dashboard": "src/"
                }
            },
            "notification-url": "https://packagist.org/downloads/",
            "license": [
                "MIT"
            ],
            "authors": [
                {
                    "name": "Edinei J. Bauer",
                    "email": "edineibauer@gmail.com"
                }
            ],
            "description": "Controle do Login de usuários no sistema. Tela de boas vindas, resumo e administração",
            "time": "2018-09-26T21:01:49+00:00"
        },
        {
            "name": "conn/email-control",
            "version": "1.3.00",
            "source": {
                "type": "git",
                "url": "https://github.com/edineibauer/email-control.git",
                "reference": "6cdaad971cde808ccf80ed866063fd2645671a2e"
            },
            "dist": {
                "type": "zip",
                "url": "https://api.github.com/repos/edineibauer/email-control/zipball/6cdaad971cde808ccf80ed866063fd2645671a2e",
                "reference": "6cdaad971cde808ccf80ed866063fd2645671a2e",
                "shasum": ""
            },
            "require": {
                "conn/helpers": "1.5.*",
                "guzzlehttp/guzzle": "^6.3",
                "php": "^7.2",
                "php-http/guzzle6-adapter": "^1.1",
                "sparkpost/sparkpost": "^2.1"
            },
            "type": "library",
            "autoload": {
                "psr-0": {
                    "EmailControl": "src/"
                }
            },
            "notification-url": "https://packagist.org/downloads/",
            "license": [
                "MIT"
            ],
            "authors": [
                {
                    "name": "Edinei J. Bauer",
                    "email": "edineibauer@gmail.com"
                }
            ],
            "description": "Controle de Email, Envio de Email, Templates de Email",
            "time": "2018-09-26T18:55:38+00:00"
        },
        {
            "name": "conn/entity",
            "version": "1.9.00",
            "source": {
                "type": "git",
                "url": "https://github.com/edineibauer/entity.git",
                "reference": "1f5bee3bf5ad44d52539fc1ff8584f15675f6d86"
            },
            "dist": {
                "type": "zip",
                "url": "https://api.github.com/repos/edineibauer/entity/zipball/1f5bee3bf5ad44d52539fc1ff8584f15675f6d86",
                "reference": "1f5bee3bf5ad44d52539fc1ff8584f15675f6d86",
                "shasum": ""
            },
            "require": {
                "conn/entity-form": "1.9.*",
                "php": "^7.2"
            },
            "type": "library",
            "autoload": {
                "psr-0": {
                    "Entity": "src/"
                }
            },
            "notification-url": "https://packagist.org/downloads/",
            "license": [
                "MIT"
            ],
            "authors": [
                {
                    "name": "Edinei J. Bauer",
                    "email": "edineibauer@gmail.com"
                }
            ],
            "description": "Entidades de um sistema",
            "time": "2018-09-26T18:46:15+00:00"
        },
        {
            "name": "conn/entity-form",
            "version": "1.9.05",
            "source": {
                "type": "git",
                "url": "https://github.com/edineibauer/entity-form.git",
                "reference": "6a4074b72bc3074b5ecef0d17dcad86812000182"
            },
            "dist": {
                "type": "zip",
                "url": "https://api.github.com/repos/edineibauer/entity-form/zipball/6a4074b72bc3074b5ecef0d17dcad86812000182",
                "reference": "6a4074b72bc3074b5ecef0d17dcad86812000182",
                "shasum": ""
            },
            "require": {
                "conn/config": "1.4.*",
                "conn/conn-crud": "1.3.*",
                "php": "^7.2"
            },
            "type": "library",
            "autoload": {
                "psr-0": {
                    "EntityForm": "src/"
                }
            },
            "notification-url": "https://packagist.org/downloads/",
            "license": [
                "MIT"
            ],
            "authors": [
                {
                    "name": "Edinei J. Bauer",
                    "email": "edineibauer@gmail.com"
                }
            ],
            "description": "Gerência as Entidades de um sistema. Controlando com uma interface de usuário vinculada ao banco.",
            "time": "2018-09-28T13:05:28+00:00"
        },
        {
            "name": "conn/form-crud",
            "version": "1.8.05",
            "source": {
                "type": "git",
                "url": "https://github.com/edineibauer/form-crud.git",
                "reference": "ec4b8e06f122862f46d6c23237b76c6b4613cbcf"
            },
            "dist": {
                "type": "zip",
                "url": "https://api.github.com/repos/edineibauer/form-crud/zipball/ec4b8e06f122862f46d6c23237b76c6b4613cbcf",
                "reference": "ec4b8e06f122862f46d6c23237b76c6b4613cbcf",
                "shasum": ""
            },
            "require": {
                "conn/entity": "1.9.*",
                "php": "^7.2"
            },
            "type": "library",
            "autoload": {
                "psr-0": {
                    "FormCrud": "src/"
                }
            },
            "notification-url": "https://packagist.org/downloads/",
            "license": [
                "MIT"
            ],
            "authors": [
                {
                    "name": "Edinei J. Bauer",
                    "email": "edineibauer@gmail.com"
                }
            ],
            "description": "criar de forma automática formulários para manipulação de informações de uma tabela",
            "time": "2018-09-28T12:59:50+00:00"
        },
        {
            "name": "conn/helpers",
            "version": "1.5.00",
            "source": {
                "type": "git",
                "url": "https://github.com/edineibauer/helpers.git",
                "reference": "24ef8130bb7d0cd6e4978eb2ee90879634adf53b"
            },
            "dist": {
                "type": "zip",
                "url": "https://api.github.com/repos/edineibauer/helpers/zipball/24ef8130bb7d0cd6e4978eb2ee90879634adf53b",
                "reference": "24ef8130bb7d0cd6e4978eb2ee90879634adf53b",
                "shasum": ""
            },
            "require": {
                "php": "^7.2",
                "smarty/smarty": "~3"
            },
            "type": "library",
            "autoload": {
                "psr-0": {
                    "Helpers": "src/"
                }
            },
            "notification-url": "https://packagist.org/downloads/",
            "license": [
                "MIT"
            ],
            "authors": [
                {
                    "name": "Edinei J. Bauer",
                    "email": "edineibauer@gmail.com"
                }
            ],
            "description": "Classes de ajuda em geral para diversas tarefas secundárias",
            "time": "2018-09-26T18:34:58+00:00"
        },
        {
            "name": "conn/link-control",
            "version": "1.5.01",
            "source": {
                "type": "git",
                "url": "https://github.com/edineibauer/link-control.git",
                "reference": "3f24c49b5ab1c2acf2ddff8113697d63af757f3e"
            },
            "dist": {
                "type": "zip",
                "url": "https://api.github.com/repos/edineibauer/link-control/zipball/3f24c49b5ab1c2acf2ddff8113697d63af757f3e",
                "reference": "3f24c49b5ab1c2acf2ddff8113697d63af757f3e",
                "shasum": ""
            },
            "require": {
                "conn/helpers": "1.5.*",
                "matthiasmullie/minify": "1.3.*",
                "php": "^7.2"
            },
            "type": "library",
            "autoload": {
                "psr-0": {
                    "LinkControl": "src/"
                }
            },
            "notification-url": "https://packagist.org/downloads/",
            "license": [
                "MIT"
            ],
            "authors": [
                {
                    "name": "Edinei J. Bauer",
                    "email": "edineibauer@gmail.com"
                }
            ],
            "description": "Controle de Link para requests de url",
            "time": "2018-09-26T19:15:27+00:00"
        },
        {
            "name": "conn/session-control",
            "version": "1.6.00",
            "source": {
                "type": "git",
                "url": "https://github.com/edineibauer/session-control.git",
                "reference": "d3c5f3e444f2b331193d4c46bf7dbceef56ea2d1"
            },
            "dist": {
                "type": "zip",
                "url": "https://api.github.com/repos/edineibauer/session-control/zipball/d3c5f3e444f2b331193d4c46bf7dbceef56ea2d1",
                "reference": "d3c5f3e444f2b331193d4c46bf7dbceef56ea2d1",
                "shasum": ""
            },
            "require": {
                "conn/dashboard": "2.0.*",
                "google/recaptcha": "~1.1",
                "php": "^7.2"
            },
            "type": "library",
            "autoload": {
                "psr-0": {
                    "SessionControl": "src/"
                }
            },
            "notification-url": "https://packagist.org/downloads/",
            "license": [
                "MIT"
            ],
            "authors": [
                {
                    "name": "Edinei J. Bauer",
                    "email": "edineibauer@gmail.com"
                }
            ],
            "description": "Controle de Sessão para login de usuários",
            "time": "2018-09-26T19:01:18+00:00"
        },
        {
            "name": "conn/table",
            "version": "1.3.01",
            "source": {
                "type": "git",
                "url": "https://github.com/edineibauer/table.git",
                "reference": "fb5bf8a4db5010f222c39b65ac1aaea4a8bb9808"
            },
            "dist": {
                "type": "zip",
                "url": "https://api.github.com/repos/edineibauer/table/zipball/fb5bf8a4db5010f222c39b65ac1aaea4a8bb9808",
                "reference": "fb5bf8a4db5010f222c39b65ac1aaea4a8bb9808",
                "shasum": ""
            },
            "require": {
                "conn/form-crud": "1.8.*",
                "php": "^7.2"
            },
            "type": "library",
            "autoload": {
                "psr-0": {
                    "Table": "src/"
                }
            },
            "notification-url": "https://packagist.org/downloads/",
            "license": [
                "MIT"
            ],
            "authors": [
                {
                    "name": "Edinei J. Bauer",
                    "email": "edineibauer@gmail.com"
                }
            ],
            "description": "Tabela de Listagem de uma entidade para controle de seus dados",
            "time": "2018-09-26T18:25:03+00:00"
        },
        {
            "name": "google/recaptcha",
            "version": "1.2.1",
            "source": {
                "type": "git",
                "url": "https://github.com/google/recaptcha.git",
                "reference": "e7add3be59211482ecdb942288f52da64a35f61a"
            },
            "dist": {
                "type": "zip",
                "url": "https://api.github.com/repos/google/recaptcha/zipball/e7add3be59211482ecdb942288f52da64a35f61a",
                "reference": "e7add3be59211482ecdb942288f52da64a35f61a",
                "shasum": ""
            },
            "require": {
                "php": ">=5.5"
            },
            "require-dev": {
                "friendsofphp/php-cs-fixer": "^2.2.20|^2.12",
                "php-coveralls/php-coveralls": "^2.1",
                "phpunit/phpunit": "^4.8.36|^5.7.27|^6.59|^7"
            },
            "type": "library",
            "extra": {
                "branch-alias": {
                    "dev-master": "1.2.x-dev"
                }
            },
            "autoload": {
                "psr-4": {
                    "ReCaptcha\\": "src/ReCaptcha"
                }
            },
            "notification-url": "https://packagist.org/downloads/",
            "license": [
                "BSD-3-Clause"
            ],
            "description": "Client library for reCAPTCHA, a free service that protects websites from spam and abuse.",
            "homepage": "https://www.google.com/recaptcha/",
            "keywords": [
                "Abuse",
                "captcha",
                "recaptcha",
                "spam"
            ],
            "time": "2018-08-05T09:31:53+00:00"
        },
        {
            "name": "guzzlehttp/guzzle",
            "version": "6.3.3",
            "source": {
                "type": "git",
                "url": "https://github.com/guzzle/guzzle.git",
                "reference": "407b0cb880ace85c9b63c5f9551db498cb2d50ba"
            },
            "dist": {
                "type": "zip",
                "url": "https://api.github.com/repos/guzzle/guzzle/zipball/407b0cb880ace85c9b63c5f9551db498cb2d50ba",
                "reference": "407b0cb880ace85c9b63c5f9551db498cb2d50ba",
                "shasum": ""
            },
            "require": {
                "guzzlehttp/promises": "^1.0",
                "guzzlehttp/psr7": "^1.4",
                "php": ">=5.5"
            },
            "require-dev": {
                "ext-curl": "*",
                "phpunit/phpunit": "^4.8.35 || ^5.7 || ^6.4 || ^7.0",
                "psr/log": "^1.0"
            },
            "suggest": {
                "psr/log": "Required for using the Log middleware"
            },
            "type": "library",
            "extra": {
                "branch-alias": {
                    "dev-master": "6.3-dev"
                }
            },
            "autoload": {
                "files": [
                    "src/functions_include.php"
                ],
                "psr-4": {
                    "GuzzleHttp\\": "src/"
                }
            },
            "notification-url": "https://packagist.org/downloads/",
            "license": [
                "MIT"
            ],
            "authors": [
                {
                    "name": "Michael Dowling",
                    "email": "mtdowling@gmail.com",
                    "homepage": "https://github.com/mtdowling"
                }
            ],
            "description": "Guzzle is a PHP HTTP client library",
            "homepage": "http://guzzlephp.org/",
            "keywords": [
                "client",
                "curl",
                "framework",
                "http",
                "http client",
                "rest",
                "web service"
            ],
            "time": "2018-04-22T15:46:56+00:00"
        },
        {
            "name": "guzzlehttp/promises",
            "version": "v1.3.1",
            "source": {
                "type": "git",
                "url": "https://github.com/guzzle/promises.git",
                "reference": "a59da6cf61d80060647ff4d3eb2c03a2bc694646"
            },
            "dist": {
                "type": "zip",
                "url": "https://api.github.com/repos/guzzle/promises/zipball/a59da6cf61d80060647ff4d3eb2c03a2bc694646",
                "reference": "a59da6cf61d80060647ff4d3eb2c03a2bc694646",
                "shasum": ""
            },
            "require": {
                "php": ">=5.5.0"
            },
            "require-dev": {
                "phpunit/phpunit": "^4.0"
            },
            "type": "library",
            "extra": {
                "branch-alias": {
                    "dev-master": "1.4-dev"
                }
            },
            "autoload": {
                "psr-4": {
                    "GuzzleHttp\\Promise\\": "src/"
                },
                "files": [
                    "src/functions_include.php"
                ]
            },
            "notification-url": "https://packagist.org/downloads/",
            "license": [
                "MIT"
            ],
            "authors": [
                {
                    "name": "Michael Dowling",
                    "email": "mtdowling@gmail.com",
                    "homepage": "https://github.com/mtdowling"
                }
            ],
            "description": "Guzzle promises library",
            "keywords": [
                "promise"
            ],
            "time": "2016-12-20T10:07:11+00:00"
        },
        {
            "name": "guzzlehttp/psr7",
            "version": "1.4.2",
            "source": {
                "type": "git",
                "url": "https://github.com/guzzle/psr7.git",
                "reference": "f5b8a8512e2b58b0071a7280e39f14f72e05d87c"
            },
            "dist": {
                "type": "zip",
                "url": "https://api.github.com/repos/guzzle/psr7/zipball/f5b8a8512e2b58b0071a7280e39f14f72e05d87c",
                "reference": "f5b8a8512e2b58b0071a7280e39f14f72e05d87c",
                "shasum": ""
            },
            "require": {
                "php": ">=5.4.0",
                "psr/http-message": "~1.0"
            },
            "provide": {
                "psr/http-message-implementation": "1.0"
            },
            "require-dev": {
                "phpunit/phpunit": "~4.0"
            },
            "type": "library",
            "extra": {
                "branch-alias": {
                    "dev-master": "1.4-dev"
                }
            },
            "autoload": {
                "psr-4": {
                    "GuzzleHttp\\Psr7\\": "src/"
                },
                "files": [
                    "src/functions_include.php"
                ]
            },
            "notification-url": "https://packagist.org/downloads/",
            "license": [
                "MIT"
            ],
            "authors": [
                {
                    "name": "Michael Dowling",
                    "email": "mtdowling@gmail.com",
                    "homepage": "https://github.com/mtdowling"
                },
                {
                    "name": "Tobias Schultze",
                    "homepage": "https://github.com/Tobion"
                }
            ],
            "description": "PSR-7 message implementation that also provides common utility methods",
            "keywords": [
                "http",
                "message",
                "request",
                "response",
                "stream",
                "uri",
                "url"
            ],
            "time": "2017-03-20T17:10:46+00:00"
        },
        {
            "name": "matthiasmullie/minify",
            "version": "1.3.60",
            "source": {
                "type": "git",
                "url": "https://github.com/matthiasmullie/minify.git",
                "reference": "ab7fea80ce5ce6549baaf272bc8bd926a7e08f90"
            },
            "dist": {
                "type": "zip",
                "url": "https://api.github.com/repos/matthiasmullie/minify/zipball/ab7fea80ce5ce6549baaf272bc8bd926a7e08f90",
                "reference": "ab7fea80ce5ce6549baaf272bc8bd926a7e08f90",
                "shasum": ""
            },
            "require": {
                "ext-pcre": "*",
                "matthiasmullie/path-converter": "~1.1",
                "php": ">=5.3.0"
            },
            "require-dev": {
                "friendsofphp/php-cs-fixer": "~2.0",
                "matthiasmullie/scrapbook": "~1.0",
                "phpunit/phpunit": "~4.8"
            },
            "suggest": {
                "psr/cache-implementation": "Cache implementation to use with Minify::cache"
            },
            "bin": [
                "bin/minifycss",
                "bin/minifyjs"
            ],
            "type": "library",
            "autoload": {
                "psr-4": {
                    "MatthiasMullie\\Minify\\": "src/"
                }
            },
            "notification-url": "https://packagist.org/downloads/",
            "license": [
                "MIT"
            ],
            "authors": [
                {
                    "name": "Matthias Mullie",
                    "email": "minify@mullie.eu",
                    "homepage": "http://www.mullie.eu",
                    "role": "Developer"
                }
            ],
            "description": "CSS & JavaScript minifier, in PHP. Removes whitespace, strips comments, combines files (incl. @import statements and small assets in CSS files), and optimizes/shortens a few common programming patterns.",
            "homepage": "http://www.minifier.org",
            "keywords": [
                "JS",
                "css",
                "javascript",
                "minifier",
                "minify"
            ],
            "time": "2018-04-18T08:50:35+00:00"
        },
        {
            "name": "matthiasmullie/path-converter",
            "version": "1.1.1",
            "source": {
                "type": "git",
                "url": "https://github.com/matthiasmullie/path-converter.git",
                "reference": "3082a6838be02b930239a97d38b5c9da4d693aca"
            },
            "dist": {
                "type": "zip",
                "url": "https://api.github.com/repos/matthiasmullie/path-converter/zipball/3082a6838be02b930239a97d38b5c9da4d693aca",
                "reference": "3082a6838be02b930239a97d38b5c9da4d693aca",
                "shasum": ""
            },
            "require": {
                "ext-pcre": "*",
                "php": ">=5.3.0"
            },
            "require-dev": {
                "phpunit/phpunit": "~4.8"
            },
            "type": "library",
            "autoload": {
                "psr-4": {
                    "MatthiasMullie\\PathConverter\\": "src/"
                }
            },
            "notification-url": "https://packagist.org/downloads/",
            "license": [
                "MIT"
            ],
            "authors": [
                {
                    "name": "Matthias Mullie",
                    "email": "pathconverter@mullie.eu",
                    "homepage": "http://www.mullie.eu",
                    "role": "Developer"
                }
            ],
            "description": "Relative path converter",
            "homepage": "http://github.com/matthiasmullie/path-converter",
            "keywords": [
                "converter",
                "path",
                "paths",
                "relative"
            ],
            "time": "2018-02-02T11:30:10+00:00"
        },
        {
            "name": "php-http/discovery",
            "version": "1.4.0",
            "source": {
                "type": "git",
                "url": "https://github.com/php-http/discovery.git",
                "reference": "9a6cb24de552bfe1aa9d7d1569e2d49c5b169a33"
            },
            "dist": {
                "type": "zip",
                "url": "https://api.github.com/repos/php-http/discovery/zipball/9a6cb24de552bfe1aa9d7d1569e2d49c5b169a33",
                "reference": "9a6cb24de552bfe1aa9d7d1569e2d49c5b169a33",
                "shasum": ""
            },
            "require": {
                "php": "^5.5 || ^7.0"
            },
            "require-dev": {
                "henrikbjorn/phpspec-code-coverage": "^2.0.2",
                "php-http/httplug": "^1.0",
                "php-http/message-factory": "^1.0",
                "phpspec/phpspec": "^2.4",
                "puli/composer-plugin": "1.0.0-beta10"
            },
            "suggest": {
                "php-http/message": "Allow to use Guzzle, Diactoros or Slim Framework factories",
                "puli/composer-plugin": "Sets up Puli which is recommended for Discovery to work. Check http://docs.php-http.org/en/latest/discovery.html for more details."
            },
            "type": "library",
            "extra": {
                "branch-alias": {
                    "dev-master": "1.3-dev"
                }
            },
            "autoload": {
                "psr-4": {
                    "Http\\Discovery\\": "src/"
                }
            },
            "notification-url": "https://packagist.org/downloads/",
            "license": [
                "MIT"
            ],
            "authors": [
                {
                    "name": "Márk Sági-Kazár",
                    "email": "mark.sagikazar@gmail.com"
                }
            ],
            "description": "Finds installed HTTPlug implementations and PSR-7 message factories",
            "homepage": "http://php-http.org",
            "keywords": [
                "adapter",
                "client",
                "discovery",
                "factory",
                "http",
                "message",
                "psr7"
            ],
            "time": "2018-02-06T10:55:24+00:00"
        },
        {
            "name": "php-http/guzzle6-adapter",
            "version": "v1.1.1",
            "source": {
                "type": "git",
                "url": "https://github.com/php-http/guzzle6-adapter.git",
                "reference": "a56941f9dc6110409cfcddc91546ee97039277ab"
            },
            "dist": {
                "type": "zip",
                "url": "https://api.github.com/repos/php-http/guzzle6-adapter/zipball/a56941f9dc6110409cfcddc91546ee97039277ab",
                "reference": "a56941f9dc6110409cfcddc91546ee97039277ab",
                "shasum": ""
            },
            "require": {
                "guzzlehttp/guzzle": "^6.0",
                "php": ">=5.5.0",
                "php-http/httplug": "^1.0"
            },
            "provide": {
                "php-http/async-client-implementation": "1.0",
                "php-http/client-implementation": "1.0"
            },
            "require-dev": {
                "ext-curl": "*",
                "php-http/adapter-integration-tests": "^0.4"
            },
            "type": "library",
            "extra": {
                "branch-alias": {
                    "dev-master": "1.2-dev"
                }
            },
            "autoload": {
                "psr-4": {
                    "Http\\Adapter\\Guzzle6\\": "src/"
                }
            },
            "notification-url": "https://packagist.org/downloads/",
            "license": [
                "MIT"
            ],
            "authors": [
                {
                    "name": "Márk Sági-Kazár",
                    "email": "mark.sagikazar@gmail.com"
                },
                {
                    "name": "David de Boer",
                    "email": "david@ddeboer.nl"
                }
            ],
            "description": "Guzzle 6 HTTP Adapter",
            "homepage": "http://httplug.io",
            "keywords": [
                "Guzzle",
                "http"
            ],
            "time": "2016-05-10T06:13:32+00:00"
        },
        {
            "name": "php-http/httplug",
            "version": "v1.1.0",
            "source": {
                "type": "git",
                "url": "https://github.com/php-http/httplug.git",
                "reference": "1c6381726c18579c4ca2ef1ec1498fdae8bdf018"
            },
            "dist": {
                "type": "zip",
                "url": "https://api.github.com/repos/php-http/httplug/zipball/1c6381726c18579c4ca2ef1ec1498fdae8bdf018",
                "reference": "1c6381726c18579c4ca2ef1ec1498fdae8bdf018",
                "shasum": ""
            },
            "require": {
                "php": ">=5.4",
                "php-http/promise": "^1.0",
                "psr/http-message": "^1.0"
            },
            "require-dev": {
                "henrikbjorn/phpspec-code-coverage": "^1.0",
                "phpspec/phpspec": "^2.4"
            },
            "type": "library",
            "extra": {
                "branch-alias": {
                    "dev-master": "1.1-dev"
                }
            },
            "autoload": {
                "psr-4": {
                    "Http\\Client\\": "src/"
                }
            },
            "notification-url": "https://packagist.org/downloads/",
            "license": [
                "MIT"
            ],
            "authors": [
                {
                    "name": "Eric GELOEN",
                    "email": "geloen.eric@gmail.com"
                },
                {
                    "name": "Márk Sági-Kazár",
                    "email": "mark.sagikazar@gmail.com"
                }
            ],
            "description": "HTTPlug, the HTTP client abstraction for PHP",
            "homepage": "http://httplug.io",
            "keywords": [
                "client",
                "http"
            ],
            "time": "2016-08-31T08:30:17+00:00"
        },
        {
            "name": "php-http/message",
            "version": "1.7.0",
            "source": {
                "type": "git",
                "url": "https://github.com/php-http/message.git",
                "reference": "741f2266a202d59c4ed75436671e1b8e6f475ea3"
            },
            "dist": {
                "type": "zip",
                "url": "https://api.github.com/repos/php-http/message/zipball/741f2266a202d59c4ed75436671e1b8e6f475ea3",
                "reference": "741f2266a202d59c4ed75436671e1b8e6f475ea3",
                "shasum": ""
            },
            "require": {
                "clue/stream-filter": "^1.4",
                "php": "^5.4 || ^7.0",
                "php-http/message-factory": "^1.0.2",
                "psr/http-message": "^1.0"
            },
            "provide": {
                "php-http/message-factory-implementation": "1.0"
            },
            "require-dev": {
                "akeneo/phpspec-skip-example-extension": "^1.0",
                "coduo/phpspec-data-provider-extension": "^1.0",
                "ext-zlib": "*",
                "guzzlehttp/psr7": "^1.0",
                "henrikbjorn/phpspec-code-coverage": "^1.0",
                "phpspec/phpspec": "^2.4",
                "slim/slim": "^3.0",
                "zendframework/zend-diactoros": "^1.0"
            },
            "suggest": {
                "ext-zlib": "Used with compressor/decompressor streams",
                "guzzlehttp/psr7": "Used with Guzzle PSR-7 Factories",
                "slim/slim": "Used with Slim Framework PSR-7 implementation",
                "zendframework/zend-diactoros": "Used with Diactoros Factories"
            },
            "type": "library",
            "extra": {
                "branch-alias": {
                    "dev-master": "1.6-dev"
                }
            },
            "autoload": {
                "psr-4": {
                    "Http\\Message\\": "src/"
                },
                "files": [
                    "src/filters.php"
                ]
            },
            "notification-url": "https://packagist.org/downloads/",
            "license": [
                "MIT"
            ],
            "authors": [
                {
                    "name": "Márk Sági-Kazár",
                    "email": "mark.sagikazar@gmail.com"
                }
            ],
            "description": "HTTP Message related tools",
            "homepage": "http://php-http.org",
            "keywords": [
                "http",
                "message",
                "psr-7"
            ],
            "time": "2018-08-15T06:37:30+00:00"
        },
        {
            "name": "php-http/message-factory",
            "version": "v1.0.2",
            "source": {
                "type": "git",
                "url": "https://github.com/php-http/message-factory.git",
                "reference": "a478cb11f66a6ac48d8954216cfed9aa06a501a1"
            },
            "dist": {
                "type": "zip",
                "url": "https://api.github.com/repos/php-http/message-factory/zipball/a478cb11f66a6ac48d8954216cfed9aa06a501a1",
                "reference": "a478cb11f66a6ac48d8954216cfed9aa06a501a1",
                "shasum": ""
            },
            "require": {
                "php": ">=5.4",
                "psr/http-message": "^1.0"
            },
            "type": "library",
            "extra": {
                "branch-alias": {
                    "dev-master": "1.0-dev"
                }
            },
            "autoload": {
                "psr-4": {
                    "Http\\Message\\": "src/"
                }
            },
            "notification-url": "https://packagist.org/downloads/",
            "license": [
                "MIT"
            ],
            "authors": [
                {
                    "name": "Márk Sági-Kazár",
                    "email": "mark.sagikazar@gmail.com"
                }
            ],
            "description": "Factory interfaces for PSR-7 HTTP Message",
            "homepage": "http://php-http.org",
            "keywords": [
                "factory",
                "http",
                "message",
                "stream",
                "uri"
            ],
            "time": "2015-12-19T14:08:53+00:00"
        },
        {
            "name": "php-http/promise",
            "version": "v1.0.0",
            "source": {
                "type": "git",
                "url": "https://github.com/php-http/promise.git",
                "reference": "dc494cdc9d7160b9a09bd5573272195242ce7980"
            },
            "dist": {
                "type": "zip",
                "url": "https://api.github.com/repos/php-http/promise/zipball/dc494cdc9d7160b9a09bd5573272195242ce7980",
                "reference": "dc494cdc9d7160b9a09bd5573272195242ce7980",
                "shasum": ""
            },
            "require-dev": {
                "henrikbjorn/phpspec-code-coverage": "^1.0",
                "phpspec/phpspec": "^2.4"
            },
            "type": "library",
            "extra": {
                "branch-alias": {
                    "dev-master": "1.1-dev"
                }
            },
            "autoload": {
                "psr-4": {
                    "Http\\Promise\\": "src/"
                }
            },
            "notification-url": "https://packagist.org/downloads/",
            "license": [
                "MIT"
            ],
            "authors": [
                {
                    "name": "Márk Sági-Kazár",
                    "email": "mark.sagikazar@gmail.com"
                },
                {
                    "name": "Joel Wurtz",
                    "email": "joel.wurtz@gmail.com"
                }
            ],
            "description": "Promise used for asynchronous HTTP requests",
            "homepage": "http://httplug.io",
            "keywords": [
                "promise"
            ],
            "time": "2016-01-26T13:27:02+00:00"
        },
        {
            "name": "psr/http-message",
            "version": "1.0.1",
            "source": {
                "type": "git",
                "url": "https://github.com/php-fig/http-message.git",
                "reference": "f6561bf28d520154e4b0ec72be95418abe6d9363"
            },
            "dist": {
                "type": "zip",
                "url": "https://api.github.com/repos/php-fig/http-message/zipball/f6561bf28d520154e4b0ec72be95418abe6d9363",
                "reference": "f6561bf28d520154e4b0ec72be95418abe6d9363",
                "shasum": ""
            },
            "require": {
                "php": ">=5.3.0"
            },
            "type": "library",
            "extra": {
                "branch-alias": {
                    "dev-master": "1.0.x-dev"
                }
            },
            "autoload": {
                "psr-4": {
                    "Psr\\Http\\Message\\": "src/"
                }
            },
            "notification-url": "https://packagist.org/downloads/",
            "license": [
                "MIT"
            ],
            "authors": [
                {
                    "name": "PHP-FIG",
                    "homepage": "http://www.php-fig.org/"
                }
            ],
            "description": "Common interface for HTTP messages",
            "homepage": "https://github.com/php-fig/http-message",
            "keywords": [
                "http",
                "http-message",
                "psr",
                "psr-7",
                "request",
                "response"
            ],
            "time": "2016-08-06T14:39:51+00:00"
        },
        {
            "name": "smarty/smarty",
            "version": "v3.1.33",
            "source": {
                "type": "git",
                "url": "https://github.com/smarty-php/smarty.git",
                "reference": "dd55b23121e55a3b4f1af90a707a6c4e5969530f"
            },
            "dist": {
                "type": "zip",
                "url": "https://api.github.com/repos/smarty-php/smarty/zipball/dd55b23121e55a3b4f1af90a707a6c4e5969530f",
                "reference": "dd55b23121e55a3b4f1af90a707a6c4e5969530f",
                "shasum": ""
            },
            "require": {
                "php": ">=5.2"
            },
            "type": "library",
            "extra": {
                "branch-alias": {
                    "dev-master": "3.1.x-dev"
                }
            },
            "autoload": {
                "files": [
                    "libs/bootstrap.php"
                ]
            },
            "notification-url": "https://packagist.org/downloads/",
            "license": [
                "LGPL-3.0"
            ],
            "authors": [
                {
                    "name": "Monte Ohrt",
                    "email": "monte@ohrt.com"
                },
                {
                    "name": "Uwe Tews",
                    "email": "uwe.tews@googlemail.com"
                },
                {
                    "name": "Rodney Rehm",
                    "email": "rodney.rehm@medialize.de"
                }
            ],
            "description": "Smarty - the compiling PHP template engine",
            "homepage": "http://www.smarty.net",
            "keywords": [
                "templating"
            ],
            "time": "2018-09-12T20:54:16+00:00"
        },
        {
            "name": "smottt/wideimage",
            "version": "1.1.3",
            "source": {
                "type": "git",
                "url": "https://github.com/smottt/WideImage.git",
                "reference": "c0548101aa07c0bca8a185d900b1f5844ab6716a"
            },
            "dist": {
                "type": "zip",
                "url": "https://api.github.com/repos/smottt/WideImage/zipball/c0548101aa07c0bca8a185d900b1f5844ab6716a",
                "reference": "c0548101aa07c0bca8a185d900b1f5844ab6716a",
                "shasum": ""
            },
            "require": {
                "php": ">=5.3"
            },
            "require-dev": {
                "phpunit/phpunit": "~4.8"
            },
            "type": "library",
            "autoload": {
                "psr-0": {
                    "WideImage": "lib/"
                }
            },
            "notification-url": "https://packagist.org/downloads/",
            "license": [
                "GPL-2.0",
                "LGPL-2.1"
            ],
            "description": "An open-source PHP library for image manipulation. (With namespaces, PHP 5.3+)",
            "homepage": "http://wideimage.sourceforge.net",
            "time": "2016-11-13T13:03:08+00:00"
        },
        {
            "name": "sparkpost/sparkpost",
            "version": "2.1.0",
            "source": {
                "type": "git",
                "url": "https://github.com/SparkPost/php-sparkpost.git",
                "reference": "0c45993ee9d68d47acbd04b241c8b24b8667f937"
            },
            "dist": {
                "type": "zip",
                "url": "https://api.github.com/repos/SparkPost/php-sparkpost/zipball/0c45993ee9d68d47acbd04b241c8b24b8667f937",
                "reference": "0c45993ee9d68d47acbd04b241c8b24b8667f937",
                "shasum": ""
            },
            "require": {
                "php": "^5.6 || ^7.0",
                "php-http/client-implementation": "^1.0",
                "php-http/discovery": "^1.0",
                "php-http/httplug": "^1.0",
                "php-http/message": "^1.0"
            },
            "require-dev": {
                "friendsofphp/php-cs-fixer": "^1.11",
                "mockery/mockery": "^0.9.4",
                "nyholm/nsa": "^1.0",
                "php-http/guzzle6-adapter": "^1.0",
                "phpunit/phpcov": "2.*",
                "phpunit/phpunit": "^4.8 || ^5.4",
                "satooshi/php-coveralls": "dev-master"
            },
            "type": "library",
            "autoload": {
                "psr-4": {
                    "SparkPost\\": "lib/SparkPost"
                }
            },
            "notification-url": "https://packagist.org/downloads/",
            "license": [
                "Apache 2.0"
            ],
            "authors": [
                {
                    "name": "SparkPost"
                }
            ],
            "description": "Client library for interfacing with the SparkPost API.",
            "time": "2017-01-10T14:29:09+00:00"
        }
    ],
    "packages-dev": [],
    "aliases": [],
    "minimum-stability": "stable",
    "stability-flags": [],
    "prefer-stable": false,
    "prefer-lowest": false,
    "platform": {
        "php": "^7.2"
    },
    "platform-dev": []
}
